
Microsoft Visual Studio Solution File, Format Version 12.00
# Visual Studio Version 17
VisualStudioVersion = 17.4.33205.214
MinimumVisualStudioVersion = 10.0.40219.1
Project("{FAE04EC0-301F-11D3-BF4B-00C04F79EFBC}") = "Q3", "Q3.csproj", "{1569D718-F733-418D-AEC7-E318F541F880}"
EndProject
Global
	GlobalSection(SolutionConfigurationPlatforms) = preSolution
		Debug|Any CPU = Debug|Any CPU
		Release|Any CPU = Release|Any CPU
	EndGlobalSection
	GlobalSection(ProjectConfigurationPlatforms) = postSolution
		{1569D718-F733-418D-AEC7-E318F541F880}.Debug|Any CPU.ActiveCfg = Debug|Any CPU
		{1569D718-F733-418D-AEC7-E318F541F880}.Debug|Any CPU.Build.0 = Debug|Any CPU
		{1569D718-F733-418D-AEC7-E318F541F880}.Release|Any CPU.ActiveCfg = Release|Any CPU
		{1569D718-F733-418D-AEC7-E318F541F880}.Release|Any CPU.Build.0 = Release|Any CPU
	EndGlobalSection
	GlobalSection(SolutionProperties) = preSolution
		HideSolutionNode = FALSE
	EndGlobalSection
	GlobalSection(ExtensibilityGlobals) = postSolution
		SolutionGuid = {D853B3F4-5F03-45D0-B3E1-25E81C39F546}
	EndGlobalSection
EndGlobal
