
Microsoft Visual Studio Solution File, Format Version 12.00
# Visual Studio Version 17
VisualStudioVersion = 17.4.33205.214
MinimumVisualStudioVersion = 10.0.40219.1
Project("{FAE04EC0-301F-11D3-BF4B-00C04F79EFBC}") = "data programming", "data programming.csproj", "{BCE53FC2-CE1E-495B-B2D6-275A0F679A24}"
EndProject
Global
	GlobalSection(SolutionConfigurationPlatforms) = preSolution
		Debug|Any CPU = Debug|Any CPU
		Release|Any CPU = Release|Any CPU
	EndGlobalSection
	GlobalSection(ProjectConfigurationPlatforms) = postSolution
		{BCE53FC2-CE1E-495B-B2D6-275A0F679A24}.Debug|Any CPU.ActiveCfg = Debug|Any CPU
		{BCE53FC2-CE1E-495B-B2D6-275A0F679A24}.Debug|Any CPU.Build.0 = Debug|Any CPU
		{BCE53FC2-CE1E-495B-B2D6-275A0F679A24}.Release|Any CPU.ActiveCfg = Release|Any CPU
		{BCE53FC2-CE1E-495B-B2D6-275A0F679A24}.Release|Any CPU.Build.0 = Release|Any CPU
	EndGlobalSection
	GlobalSection(SolutionProperties) = preSolution
		HideSolutionNode = FALSE
	EndGlobalSection
	GlobalSection(ExtensibilityGlobals) = postSolution
		SolutionGuid = {F79097D4-16D5-44FB-8DDC-C35B16035D7F}
	EndGlobalSection
EndGlobal
